
Microsoft Visual Studio Solution File, Format Version 12.00
# Visual Studio Version 17
VisualStudioVersion = 17.8.34408.163
MinimumVisualStudioVersion = 10.0.40219.1
Project("{FAE04EC0-301F-11D3-BF4B-00C04F79EFBC}") = "Lab_Basic_Command", "Lab_Basic_Command\Lab_Basic_Command.csproj", "{813D7F1E-8689-421A-9BED-2DA0EE6AF6C3}"
EndProject
Global
	GlobalSection(SolutionConfigurationPlatforms) = preSolution
		Debug|Any CPU = Debug|Any CPU
		Release|Any CPU = Release|Any CPU
	EndGlobalSection
	GlobalSection(ProjectConfigurationPlatforms) = postSolution
		{813D7F1E-8689-421A-9BED-2DA0EE6AF6C3}.Debug|Any CPU.ActiveCfg = Debug|Any CPU
		{813D7F1E-8689-421A-9BED-2DA0EE6AF6C3}.Debug|Any CPU.Build.0 = Debug|Any CPU
		{813D7F1E-8689-421A-9BED-2DA0EE6AF6C3}.Release|Any CPU.ActiveCfg = Release|Any CPU
		{813D7F1E-8689-421A-9BED-2DA0EE6AF6C3}.Release|Any CPU.Build.0 = Release|Any CPU
	EndGlobalSection
	GlobalSection(SolutionProperties) = preSolution
		HideSolutionNode = FALSE
	EndGlobalSection
	GlobalSection(ExtensibilityGlobals) = postSolution
		SolutionGuid = {C2A125A3-B04D-45AD-83E7-3C69F9EB4A1F}
	EndGlobalSection
EndGlobal
