
Microsoft Visual Studio Solution File, Format Version 12.00
# Visual Studio Version 17
VisualStudioVersion = 17.8.34408.163
MinimumVisualStudioVersion = 10.0.40219.1
Project("{FAE04EC0-301F-11D3-BF4B-00C04F79EFBC}") = "BaiTapThietKeForm", "BaiTapThietKeForm\BaiTapThietKeForm.csproj", "{A448AD12-D231-484E-9AFC-B6B9EE433E7C}"
EndProject
Global
	GlobalSection(SolutionConfigurationPlatforms) = preSolution
		Debug|Any CPU = Debug|Any CPU
		Release|Any CPU = Release|Any CPU
	EndGlobalSection
	GlobalSection(ProjectConfigurationPlatforms) = postSolution
		{A448AD12-D231-484E-9AFC-B6B9EE433E7C}.Debug|Any CPU.ActiveCfg = Debug|Any CPU
		{A448AD12-D231-484E-9AFC-B6B9EE433E7C}.Debug|Any CPU.Build.0 = Debug|Any CPU
		{A448AD12-D231-484E-9AFC-B6B9EE433E7C}.Release|Any CPU.ActiveCfg = Release|Any CPU
		{A448AD12-D231-484E-9AFC-B6B9EE433E7C}.Release|Any CPU.Build.0 = Release|Any CPU
	EndGlobalSection
	GlobalSection(SolutionProperties) = preSolution
		HideSolutionNode = FALSE
	EndGlobalSection
	GlobalSection(ExtensibilityGlobals) = postSolution
		SolutionGuid = {43C26602-7F5E-4E59-AA6F-CE715AE2BC31}
	EndGlobalSection
EndGlobal
