
Microsoft Visual Studio Solution File, Format Version 12.00
# Visual Studio Version 17
VisualStudioVersion = 17.14.36623.8 d17.14
MinimumVisualStudioVersion = 10.0.40219.1
Project("{FAE04EC0-301F-11D3-BF4B-00C04F79EFBC}") = "K47", "K47.csproj", "{6427688B-7107-4D31-99DA-3D61922C43E9}"
EndProject
Global
	GlobalSection(SolutionConfigurationPlatforms) = preSolution
		Debug|Any CPU = Debug|Any CPU
		Release|Any CPU = Release|Any CPU
	EndGlobalSection
	GlobalSection(ProjectConfigurationPlatforms) = postSolution
		{6427688B-7107-4D31-99DA-3D61922C43E9}.Debug|Any CPU.ActiveCfg = Debug|Any CPU
		{6427688B-7107-4D31-99DA-3D61922C43E9}.Debug|Any CPU.Build.0 = Debug|Any CPU
		{6427688B-7107-4D31-99DA-3D61922C43E9}.Release|Any CPU.ActiveCfg = Release|Any CPU
		{6427688B-7107-4D31-99DA-3D61922C43E9}.Release|Any CPU.Build.0 = Release|Any CPU
	EndGlobalSection
	GlobalSection(SolutionProperties) = preSolution
		HideSolutionNode = FALSE
	EndGlobalSection
	GlobalSection(ExtensibilityGlobals) = postSolution
		SolutionGuid = {CCDDC93F-E90F-4549-AD61-700ED25E0002}
	EndGlobalSection
EndGlobal
